# THIS IS AN AUTOGENERATED FILE. DO NOT EDIT THIS FILE DIRECTLY.
# yarn lockfile v1


"@ampproject/remapping@^2.1.0":
  version "2.2.0"
  resolved "https://registry.npmjs.org/@ampproject/remapping/-/remapping-2.2.0.tgz#56c133824780de3174aed5ab6834f3026790154d"
  integrity sha512-qRmjj8nj9qmLTQXXmaR1cck3UXSRMPrbsLJAasZpF+t3riI71BXed5ebIOYwQntykeZuhjsdweEc9BxH5Jc26w==
  dependencies:
    "@jridgewell/gen-mapping" "^0.1.0"
    "@jridgewell/trace-mapping" "^0.3.9"

"@apideck/better-ajv-errors@^0.3.1":
  version "0.3.4"
  resolved "https://registry.npmjs.org/@apideck/better-ajv-errors/-/better-ajv-errors-0.3.4.tgz#f89924dd4efd04a51835db7eb549a7177e0ca727"
  integrity sha512-Ic2d8ZT6HJiSikGVQvSklaFyw1OUv4g8sDOxa0PXSlbmN/3gL5IO1WYY9DOwTDqOFmjWoqG1yaaKnPDqYCE9KA==
  dependencies:
    json-schema "^0.4.0"
    jsonpointer "^5.0.0"
    leven "^3.1.0"

"@babel/code-frame@^7.0.0", "@babel/code-frame@^7.10.4", "@babel/code-frame@^7.12.13", "@babel/code-frame@^7.16.0", "@babel/code-frame@^7.16.7", "@babel/code-frame@^7.8.3":
  version "7.16.7"
  resolved "https://registry.npmjs.org/@babel/code-frame/-/code-frame-7.16.7.tgz#44416b6bd7624b998f5b1af5d470856c40138789"
  integrity sha512-iAXqUn8IIeBTNd72xsFlgaXHkMBMt6y4HJp1tIaK465CWLT/fG1aqB7ykr95gHHmlBdGbFeWWfyB4NJJ0nmeIg==
  dependencies:
    "@babel/highlight" "^7.16.7"

"@babel/compat-data@^7.13.11", "@babel/compat-data@^7.17.10":
  version "7.18.5"
  resolved "https://registry.npmjs.org/@babel/compat-data/-/compat-data-7.18.5.tgz#acac0c839e317038c73137fbb6ef71a1d6238471"
  integrity sha512-BxhE40PVCBxVEJsSBhB6UWyAuqJRxGsAw8BdHMJ3AKGydcwuWW4kOO3HmqBQAdcq/OP+/DlTVxLvsCzRTnZuGg==

"@babel/core@^7.1.0", "@babel/core@^7.11.1", "@babel/core@^7.12.3", "@babel/core@^7.16.0", "@babel/core@^7.7.2", "@babel/core@^7.8.0":
  version "7.18.5"
  resolved "https://registry.npmjs.org/@babel/core/-/core-7.18.5.tgz#c597fa680e58d571c28dda9827669c78cdd7f000"
  integrity sha512-MGY8vg3DxMnctw0LdvSEojOsumc70g0t18gNyUdAZqB1Rpd1Bqo/svHGvt+UJ6JcGX+DIekGFDxxIWofBxLCnQ==
  dependencies:
    "@ampproject/remapping" "^2.1.0"
    "@babel/code-frame" "^7.16.7"
    "@babel/generator" "^7.18.2"
    "@babel/helper-compilation-targets" "^7.18.2"
    "@babel/helper-module-transforms" "^7.18.0"
    "@babel/helpers" "^7.18.2"
    "@babel/parser" "^7.18.5"
    "@babel/template" "^7.16.7"
    "@babel/traverse" "^7.18.5"
    "@babel/types" "^7.18.4"
    convert-source-map "^1.7.0"
    debug "^4.1.0"
    gensync "^1.0.0-beta.2"
    json5 "^2.2.1"
    semver "^6.3.0"

"@babel/eslint-parser@^7.16.3":
  version "7.18.2"
  resolved "https://registry.npmjs.org/@babel/eslint-parser/-/eslint-parser-7.18.2.tgz#e14dee36c010edfb0153cf900c2b0815e82e3245"
  integrity sha512-oFQYkE8SuH14+uR51JVAmdqwKYXGRjEXx7s+WiagVjqQ+HPE+nnwyF2qlVG8evUsUHmPcA+6YXMEDbIhEyQc5A==
  dependencies:
    eslint-scope "^5.1.1"
    eslint-visitor-keys "^2.1.0"
    semver "^6.3.0"

"@babel/generator@^7.18.2", "@babel/generator@^7.7.2":
  version "7.18.2"
  resolved "https://registry.npmjs.or